
Microsoft Visual Studio Solution File, Format Version 12.00
# Visual Studio Version 17
VisualStudioVersion = 17.2.32505.173
MinimumVisualStudioVersion = 10.0.40219.1
Project("{FAE04EC0-301F-11D3-BF4B-00C04F79EFBC}") = "Zoologico.API", "Zoologico.API.csproj", "{BB8CE988-EBB3-47A5-9CAA-0EA9C638763F}"
EndProject
Global
	GlobalSection(SolutionConfigurationPlatforms) = preSolution
		Debug|Any CPU = Debug|Any CPU
		Release|Any CPU = Release|Any CPU
	EndGlobalSection
	GlobalSection(ProjectConfigurationPlatforms) = postSolution
		{BB8CE988-EBB3-47A5-9CAA-0EA9C638763F}.Debug|Any CPU.ActiveCfg = Debug|Any CPU
		{BB8CE988-EBB3-47A5-9CAA-0EA9C638763F}.Debug|Any CPU.Build.0 = Debug|Any CPU
		{BB8CE988-EBB3-47A5-9CAA-0EA9C638763F}.Release|Any CPU.ActiveCfg = Release|Any CPU
		{BB8CE988-EBB3-47A5-9CAA-0EA9C638763F}.Release|Any CPU.Build.0 = Release|Any CPU
	EndGlobalSection
	GlobalSection(SolutionProperties) = preSolution
		HideSolutionNode = FALSE
	EndGlobalSection
	GlobalSection(ExtensibilityGlobals) = postSolution
		SolutionGuid = {81C36BA8-F972-4EFA-B7DC-795D400F118A}
	EndGlobalSection
EndGlobal
